// !$*UTF8*$!
{
	archiveVersion = 1;
	classes = {
	};
	objectVersion = 46;
	objects = {

/* Begin PBXBuildFile section */
		D85646E11F4120B500CABFDF /* AppDelegate.swift in Sources */ = {isa = PBXBuildFile; fileRef = D85646E01F4120B500CABFDF /* AppDelegate.swift */; };
		D85646E31F4120B500CABFDF /* ViewController.swift in Sources */ = {isa = PBXBuildFile; fileRef = D85646E21F4120B500CABFDF /* ViewController.swift */; };
		D85646E61F4120B500CABFDF /* Main.storyboard in Resources */ = {isa = PBXBuildFile; fileRef = D85646E41F4120B500CABFDF /* Main.storyboard */; };
		D85646E81F4120B500CABFDF /* Assets.xcassets in Resources */ = {isa = PBXBuildFile; fileRef = D85646E71F4120B500CABFDF /* Assets.xcassets */; };
		D85646EB1F4120B500CABFDF /* LaunchScreen.storyboard in Resources */ = {isa = PBXBuildFile; fileRef = D85646E91F4120B500CABFDF /* LaunchScreen.storyboard */; };
/* End PBXBuildFile section */

/* Begin PBXFileReference section */
		1A9060191F5397E800960FEB /* CGS_Diary.entitlements */ = {isa = PBXFileReference; lastKnownFileType = text.plist.entitlements; path = CGS_Diary.entitlements; sourceTree = "<group>"; };
		D85646DD1F4120B500CABFDF /* CGS_Diary.app */ = {isa = PBXFileReference; explicitFileType = wrapper.application; includeInIndex = 0; path = CGS_Diary.app; sourceTree = BUILT_PRODUCTS_DIR; };
		D85646E01F4120B500CABFDF /* AppDelegate.swift */ = {isa = PBXFileReference; lastKnownFileType = sourcecode.swift; path = AppDelegate.swift; sourceTree = "<group>"; };
		D85646E21F4120B500CABFDF /* ViewController.swift */ = {isa = PBXFileReference; lastKnownFileType = sourcecode.swift; path = ViewController.swift; sourceTree = "<group>"; };
		D85646E51F4120B500CABFDF /* Base */ = {isa = PBXFileReference; lastKnownFileType = file.storyboard; name = Base; path = Base.lproj/Main.storyboard; sourceTree = "<group>"; };
		D85646E71F4120B500CABFDF /* Assets.xcassets */ = {isa = PBXFileReference; lastKnownFileType = folder.assetcatalog; path = Assets.xcassets; sourceTree = "<group>"; };
		D85646EA1F4120B500CABFDF /* Base */ = {isa = PBXFileReference; lastKnownFileType = file.storyboard; name = Base; path = Base.lproj/LaunchScreen.storyboard; sourceTree = "<group>"; };
		D85646EC1F4120B500CABFDF /* Info.plist */ = {isa = PBXFileReference; lastKnownFileType = text.plist.xml; path = Info.plist; sourceTree = "<group>"; };
/* End PBXFileReference section */

/* Begin PBXFrameworksBuildPhase section */
		D85646DA1F4120B500CABFDF /* Frameworks */ = {
			isa = PBXFrameworksBuildPhase;
			buildActionMask = 2147483647;
			files = (
			);
			runOnlyForDeploymentPostprocessing = 0;
		};
/* End PBXFrameworksBuildPhase section */

/* Begin PBXGroup section */
		D85646D41F4120B500CABFDF = {
			isa = PBXGroup;
			children = (
				D85646DF1F4120B500CABFDF /* CGS_Diary */,
				D85646DE1F4120B500CABFDF /* Products */,
			);
			sourceTree = "<group>";
		};
		D85646DE1F4120B500CABFDF /* Products */ = {
			isa = PBXGroup;
			children = (
				D85646DD1F4120B500CABFDF /* CGS_Diary.app */,
			);
			name = Products;
			sourceTree = "<group>";
		};
		D85646DF1F4120B500CABFDF /* CGS_Diary */ = {
			isa = PBXGroup;
			children = (
				1A9060191F5397E800960FEB /* CGS_Diary.entitlements */,
				D85646E01F4120B500CABFDF /* AppDelegate.swift */,
				D85646E21F4120B500CABFDF /* ViewController.swift */,
				D85646E41F4120B500CABFDF /* Main.storyboard */,
				D85646E71F4120B500CABFDF /* Assets.xcassets */,
				D85646E91F4120B500CABFDF /* LaunchScreen.storyboard */,
				D85646EC1F4120B500CABFDF /* Info.plist */,
			);
			path = CGS_Diary;
			sourceTree = "<group>";
		};
/* End PBXGroup section */

/* Begin PBXNativeTarget section */
		D85646DC1F4120B500CABFDF /* CGS_Diary */ = {
			isa = PBXNativeTarget;
			buildConfigurationList = D85646EF1F4120B500CABFDF /* Build configuration list for PBXNativeTarget "CGS_Diary" */;
			buildPhases = (
				D85646D91F4120B500CABFDF /* Sources */,
				D85646DA1F4120B500CABFDF /* Frameworks */,
				D85646DB1F4120B500CABFDF /* Resources */,
			);
			buildRules = (
			);
			dependencies = (
			);
			name = CGS_Diary;
			productName = CGS_Diary;
			productReference = D85646DD1F4120B500CABFDF /* CGS_Diary.app */;
			productType = "com.apple.product-type.application";
		};
/* End PBXNativeTarget section */

/* Begin PBXProject section */
		D85646D51F4120B500CABFDF /* Project object */ = {
			isa = PBXProject;
			attributes = {
				LastSwiftUpdateCheck = 0830;
				LastUpgradeCheck = 0830;
				ORGANIZATIONNAME = "Nathan Heldon";
				TargetAttributes = {
					D85646DC1F4120B500CABFDF = {
						CreatedOnToolsVersion = 8.3.2;
						DevelopmentTeam = 4JH3UD4MPQ;
						ProvisioningStyle = Automatic;
						SystemCapabilities = {
							com.apple.iCloud = {
								enabled = 0;
							};
						};
					};
				};
			};
			buildConfigurationList = D85646D81F4120B500CABFDF /* Build configuration list for PBXProject "CGS_Diary" */;
			compatibilityVersion = "Xcode 3.2";
			developmentRegion = English;
			hasScannedForEncodings = 0;
			knownRegions = (
				en,
				Base,
			);
			mainGroup = D85646D41F4120B500CABFDF;
			productRefGroup = D85646DE1F4120B500CABFDF /* Products */;
			projectDirPath = "";
			projectRoot = "";
			targets = (
				D85646DC1F4120B500CABFDF /* CGS_Diary */,
			);
		};
/* End PBXProject section */

/* Begin PBXResourcesBuildPhase section */
		D85646DB1F4120B500CABFDF /* Resources */ = {
			isa = PBXResourcesBuildPhase;
			buildActionMask = 2147483647;
			files = (
				D85646EB1F4120B500CABFDF /* LaunchScreen.storyboard in Resources */,
				D85646E81F4120B500CABFDF /* Assets.xcassets in Resources */,
				D85646E61F4120B500CABFDF /* Main.storyboard in Resources */,
			);
			runOnlyForDeploymentPostprocessing = 0;
		};
/* End PBXResourcesBuildPhase section */

/* Begin PBXSourcesBuildPhase section */
		D85646D91F4120B500CABFDF /* Sources */ = {
			isa = PBXSourcesBuildPhase;
			buildActionMask = 2147483647;
			files = (
				D85646E31F4120B500CABFDF /* ViewController.swift in Sources */,
				D85646E11F4120B500CABFDF /* AppDelegate.swift in Sources */,
			);
			runOnlyForDeploymentPostprocessing = 0;
		};
/* End PBXSourcesBuildPhase section */

/* Begin PBXVariantGroup section */
		D85646E41F4120B500CABFDF /* Main.storyboard */ = {
			isa = PBXVariantGroup;
			children = (
				D85646E51F4120B500CABFDF /* Base */,
			);
			name = Main.storyboard;
			sourceTree = "<group>";
		};
		D85646E91F4120B500CABFDF /* LaunchScreen.storyboard */ = {
			isa = PBXVariantGroup;
			children = (
				D85646EA1F4120B500CABFDF /* Base */,
			);
			name = LaunchScreen.storyboard;
			sourceTree = "<group>";
		};
/* End PBXVariantGroup section */

/* Begin XCBuildConfiguration section */
		D85646ED1F4120B500CABFDF /* Debug */ = {
			isa = XCBuildConfiguration;
			buildSettings = {
				ALWAYS_SEARCH_USER_PATHS = NO;
				CLANG_ANALYZER_NONNULL = YES;
				CLANG_ANALYZER_NUMBER_OBJECT_CONVERSION = YES_AGGRESSIVE;
				CLANG_CXX_LANGUAGE_STANDARD = "gnu++0x";
				CLANG_CXX_LIBRARY = "libc++";
				CLANG_ENABLE_MODULES = YES;
				CLANG_ENABLE_OBJC_ARC = YES;
				CLANG_WARN_BOOL_CONVERSION = YES;
				CLANG_WARN_CONSTANT_CONVERSION = YES;
				CLANG_WARN_DIRECT_OBJC_ISA_USAGE = YES_ERROR;
				CLANG_WARN_DOCUMENTATION_COMMENTS = YES;
				CLANG_WARN_EMPTY_BODY = YES;
				CLANG_WARN_ENUM_CONVERSION = YES;
				CLANG_WARN_INFINITE_RECURSION = YES;
				CLANG_WARN_INT_CONVERSION = YES;
				CLANG_WARN_OBJC_ROOT_CLASS = YES_ERROR;
				CLANG_WARN_SUSPICIOUS_MOVE = YES;
				CLANG_WARN_UNREACHABLE_CODE = YES;
				CLANG_WARN__DUPLICATE_METHOD_MATCH = YES;
				"CODE_SIGN_IDENTITY[sdk=iphoneos*]" = "iPhone Developer";
				COPY_PHASE_STRIP = NO;
				DEBUG_INFORMATION_FORMAT = dwarf;
				ENABLE_STRICT_OBJC_MSGSEND = YES;
				ENABLE_TESTABILITY = YES;
				GCC_C_LANGUAGE_STANDARD = gnu99;
				GCC_DYNAMIC_NO_PIC = NO;
				GCC_NO_COMMON_BLOCKS = YES;
				GCC_OPTIMIZATION_LEVEL = 0;
				GCC_PREPROCESSOR_DEFINITIONS = (
					"DEBUG=1",
					"$(inherited)",
				);
				GCC_WARN_64_TO_32_BIT_CONVERSION = YES;
				GCC_WARN_ABOUT_RETURN_TYPE = YES_ERROR;
				GCC_WARN_UNDECLARED_SELECTOR = YES;
				GCC_WARN_UNINITIALIZED_AUTOS = YES_AGGRESSIVE;
				GCC_WARN_UNUSED_FUNCTION = YES;
				GCC_WARN_UNUSED_VARIABLE = YES;
				IPHONEOS_DEPLOYMENT_TARGET = 10.3;
				MTL_ENABLE_DEBUG_INFO = YES;
				ONLY_ACTIVE_ARCH = YES;
				SDKROOT = iphoneos;
				SWIFT_ACTIVE_COMPILATION_CONDITIONS = DEBUG;
				SWIFT_OPTIMIZATION_LEVEL = "-Onone";
				TARGETED_DEVICE_FAMILY = "1,2";
			};
			name = Debug;
		};
		D85646EE1F4120B500CABFDF /* Release */ = {
			isa = XCBuildConfiguration;
			buildSettings = {
				ALWAYS_SEARCH_USER_PATHS = NO;
				CLANG_ANALYZER_NONNULL = YES;
				CLANG_ANALYZER_NUMBER_OBJECT_CONVERSION = YES_AGGRESSIVE;
				CLANG_CXX_LANGUAGE_STANDARD = "gnu++0x";
				CLANG_CXX_LIBRARY = "libc++";
				CLANG_ENABLE_MODULES = YES;
				CLANG_ENABLE_OBJC_ARC = YES;
				CLANG_WARN_BOOL_CONVERSION = YES;
				CLANG_WARN_CONSTANT_CONVERSION = YES;
				CLANG_WARN_DIRECT_OBJC_ISA_USAGE = YES_ERROR;
				CLANG_WARN_DOCUMENTATION_COMMENTS = YES;
				CLANG_WARN_EMPTY_BODY = YES;
				CLANG_WARN_ENUM_CONVERSION = YES;
				CLANG_WARN_INFINITE_RECURSION = YES;
				CLANG_WARN_INT_CONVERSION = YES;
				CLANG_WARN_OBJC_ROOT_CLASS = YES_ERROR;
				CLANG_WARN_SUSPICIOUS_MOVE = YES;
				CLANG_WARN_UNREACHABLE_CODE = YES;
				CLANG_WARN__DUPLICATE_METHOD_MATCH = YES;
				"CODE_SIGN_IDENTITY[sdk=iphoneos*]" = "iPhone Developer";
				COPY_PHASE_STRIP = NO;
				DEBUG_INFORMATION_FORMAT = "dwarf-with-dsym";
				ENABLE_NS_ASSERTIONS = NO;
				ENABLE_STRICT_OBJC_MSGSEND = YES;
				GCC_C_LANGUAGE_STANDARD = gnu99;
				GCC_NO_COMMON_BLOCKS = YES;
				GCC_WARN_64_TO_32_BIT_CONVERSION = YES;
				GCC_WARN_ABOUT_RETURN_TYPE = YES_ERROR;
				GCC_WARN_UNDECLARED_SELECTOR = YES;
				GCC_WARN_UNINITIALIZED_AUTOS = YES_AGGRESSIVE;
				GCC_WARN_UNUSED_FUNCTION = YES;
				GCC_WARN_UNUSED_VARIABLE = YES;
				IPHONEOS_DEPLOYMENT_TARGET = 10.3;
				MTL_ENABLE_DEBUG_INFO = NO;
				SDKROOT = iphoneos;
				SWIFT_OPTIMIZATION_LEVEL = "-Owholemodule";
				TARGETED_DEVICE_FAMILY = "1,2";
				VALIDATE_PRODUCT = YES;
			};
			name = Release;
		};
		D85646F01F4120B500CABFDF /* Debug */ = {
			isa = XCBuildConfiguration;
			buildSettings = {
				ASSETCATALOG_COMPILER_APPICON_NAME = AppIcon;
				DEVELOPMENT_TEAM = 4JH3UD4MPQ;
				INFOPLIST_FILE = CGS_Diary/Info.plist;
				LD_RUNPATH_SEARCH_PATHS = "$(inherited) @executable_path/Frameworks";
				PRODUCT_BUNDLE_IDENTIFIER = "com.cgscomputing.NathanHeldon.CGS-Diary";
				PRODUCT_NAME = "$(TARGET_NAME)";
				SWIFT_VERSION = 3.0;
			};
			name = Debug;
		};
		D85646F11F4120B500CABFDF /* Release */ = {
			isa = XCBuildConfiguration;
			buildSettings = {
				ASSETCATALOG_COMPILER_APPICON_NAME = AppIcon;
				DEVELOPMENT_TEAM = 4JH3UD4MPQ;
				INFOPLIST_FILE = CGS_Diary/Info.plist;
				LD_RUNPATH_SEARCH_PATHS = "$(inherited) @executable_path/Frameworks";
				PRODUCT_BUNDLE_IDENTIFIER = "com.cgscomputing.NathanHeldon.CGS-Diary";
				PRODUCT_NAME = "$(TARGET_NAME)";
				SWIFT_VERSION = 3.0;
			};
			name = Release;
		};
/* End XCBuildConfiguration section */

/* Begin XCConfigurationList section */
		D85646D81F4120B500CABFDF /* Build configuration list for PBXProject "CGS_Diary" */ = {
			isa = XCConfigurationList;
			buildConfigurations = (
				D85646ED1F4120B500CABFDF /* Debug */,
				D85646EE1F4120B500CABFDF /* Release */,
			);
			defaultConfigurationIsVisible = 0;
			defaultConfigurationName = Release;
		};
		D85646EF1F4120B500CABFDF /* Build configuration list for PBXNativeTarget "CGS_Diary" */ = {
			isa = XCConfigurationList;
			buildConfigurations = (
				D85646F01F4120B500CABFDF /* Debug */,
				D85646F11F4120B500CABFDF /* Release */,
			);
			defaultConfigurationIsVisible = 0;
			defaultConfigurationName = Release;
		};
/* End XCConfigurationList section */
	};
	rootObject = D85646D51F4120B500CABFDF /* Project object */;
}
